
Microsoft Visual Studio Solution File, Format Version 12.00
# Visual Studio 2012
Project("{FAE04EC0-301F-11D3-BF4B-00C04F79EFBC}") = "NetLibTest", "NetLibTest\NetLibTest.csproj", "{BC9B6020-E3AD-4025-A2A1-FC81B285E558}"
EndProject
Project("{FAE04EC0-301F-11D3-BF4B-00C04F79EFBC}") = "NetLibTest.iOS", "iOS\NetLibTest.iOS.csproj", "{4036CBA3-7C20-45E1-BAB5-AF7C51F6F67B}"
EndProject
Project("{FAE04EC0-301F-11D3-BF4B-00C04F79EFBC}") = "NetLibTest.Droid", "Droid\NetLibTest.Droid.csproj", "{868433AB-0B7A-42FD-B79E-6135C87FACA7}"
EndProject
Global
	GlobalSection(SolutionConfigurationPlatforms) = preSolution
		Debug|Any CPU = Debug|Any CPU
		Release|Any CPU = Release|Any CPU
		Debug|iPhoneSimulator = Debug|iPhoneSimulator
		Release|iPhone = Release|iPhone
		Release|iPhoneSimulator = Release|iPhoneSimulator
		Debug|iPhone = Debug|iPhone
	EndGlobalSection
	GlobalSection(ProjectConfigurationPlatforms) = postSolution
		{BC9B6020-E3AD-4025-A2A1-FC81B285E558}.Debug|Any CPU.ActiveCfg = Debug|Any CPU
		{BC9B6020-E3AD-4025-A2A1-FC81B285E558}.Debug|Any CPU.Build.0 = Debug|Any CPU
		{BC9B6020-E3AD-4025-A2A1-FC81B285E558}.Release|Any CPU.ActiveCfg = Release|Any CPU
		{BC9B6020-E3AD-4025-A2A1-FC81B285E558}.Release|Any CPU.Build.0 = Release|Any CPU
		{BC9B6020-E3AD-4025-A2A1-FC81B285E558}.Debug|iPhoneSimulator.ActiveCfg = Debug|Any CPU
		{BC9B6020-E3AD-4025-A2A1-FC81B285E558}.Debug|iPhoneSimulator.Build.0 = Debug|Any CPU
		{BC9B6020-E3AD-4025-A2A1-FC81B285E558}.Release|iPhone.ActiveCfg = Release|Any CPU
		{BC9B6020-E3AD-4025-A2A1-FC81B285E558}.Release|iPhone.Build.0 = Release|Any CPU
		{BC9B6020-E3AD-4025-A2A1-FC81B285E558}.Release|iPhoneSimulator.ActiveCfg = Release|Any CPU
		{BC9B6020-E3AD-4025-A2A1-FC81B285E558}.Release|iPhoneSimulator.Build.0 = Release|Any CPU
		{BC9B6020-E3AD-4025-A2A1-FC81B285E558}.Debug|iPhone.ActiveCfg = Debug|Any CPU
		{BC9B6020-E3AD-4025-A2A1-FC81B285E558}.Debug|iPhone.Build.0 = Debug|Any CPU
		{4036CBA3-7C20-45E1-BAB5-AF7C51F6F67B}.Debug|Any CPU.ActiveCfg = Debug|iPhoneSimulator
		{4036CBA3-7C20-45E1-BAB5-AF7C51F6F67B}.Debug|Any CPU.Build.0 = Debug|iPhoneSimulator
		{4036CBA3-7C20-45E1-BAB5-AF7C51F6F67B}.Release|Any CPU.ActiveCfg = Release|iPhone
		{4036CBA3-7C20-45E1-BAB5-AF7C51F6F67B}.Release|Any CPU.Build.0 = Release|iPhone
		{4036CBA3-7C20-45E1-BAB5-AF7C51F6F67B}.Debug|iPhoneSimulator.ActiveCfg = Debug|iPhoneSimulator
		{4036CBA3-7C20-45E1-BAB5-AF7C51F6F67B}.Debug|iPhoneSimulator.Build.0 = Debug|iPhoneSimulator
		{4036CBA3-7C20-45E1-BAB5-AF7C51F6F67B}.Release|iPhone.ActiveCfg = Release|iPhone
		{4036CBA3-7C20-45E1-BAB5-AF7C51F6F67B}.Release|iPhone.Build.0 = Release|iPhone
		{4036CBA3-7C20-45E1-BAB5-AF7C51F6F67B}.Release|iPhoneSimulator.ActiveCfg = Release|iPhoneSimulator
		{4036CBA3-7C20-45E1-BAB5-AF7C51F6F67B}.Release|iPhoneSimulator.Build.0 = Release|iPhoneSimulator
		{4036CBA3-7C20-45E1-BAB5-AF7C51F6F67B}.Debug|iPhone.ActiveCfg = Debug|iPhone
		{4036CBA3-7C20-45E1-BAB5-AF7C51F6F67B}.Debug|iPhone.Build.0 = Debug|iPhone
		{868433AB-0B7A-42FD-B79E-6135C87FACA7}.Debug|Any CPU.ActiveCfg = Debug|Any CPU
		{868433AB-0B7A-42FD-B79E-6135C87FACA7}.Debug|Any CPU.Build.0 = Debug|Any CPU
		{868433AB-0B7A-42FD-B79E-6135C87FACA7}.Release|Any CPU.ActiveCfg = Release|Any CPU
		{868433AB-0B7A-42FD-B79E-6135C87FACA7}.Release|Any CPU.Build.0 = Release|Any CPU
		{868433AB-0B7A-42FD-B79E-6135C87FACA7}.Debug|iPhoneSimulator.ActiveCfg = Debug|Any CPU
		{868433AB-0B7A-42FD-B79E-6135C87FACA7}.Debug|iPhoneSimulator.Build.0 = Debug|Any CPU
		{868433AB-0B7A-42FD-B79E-6135C87FACA7}.Release|iPhone.ActiveCfg = Release|Any CPU
		{868433AB-0B7A-42FD-B79E-6135C87FACA7}.Release|iPhone.Build.0 = Release|Any CPU
		{868433AB-0B7A-42FD-B79E-6135C87FACA7}.Release|iPhoneSimulator.ActiveCfg = Release|Any CPU
		{868433AB-0B7A-42FD-B79E-6135C87FACA7}.Release|iPhoneSimulator.Build.0 = Release|Any CPU
		{868433AB-0B7A-42FD-B79E-6135C87FACA7}.Debug|iPhone.ActiveCfg = Debug|Any CPU
		{868433AB-0B7A-42FD-B79E-6135C87FACA7}.Debug|iPhone.Build.0 = Debug|Any CPU
	EndGlobalSection
EndGlobal
