
Microsoft Visual Studio Solution File, Format Version 12.00
# Visual Studio 2012
Project("{FAE04EC0-301F-11D3-BF4B-00C04F79EFBC}") = "Housecode.Net.Controls", "Housecode.Net.Controls\Housecode.Net.Controls.csproj", "{C6FB4C0F-FB75-4CE4-9D24-3B0F267D76A3}"
EndProject
Project("{FAE04EC0-301F-11D3-BF4B-00C04F79EFBC}") = "Housecode.Net.Controls.iOS", "Housecode.Net.Controls.iOS\Housecode.Net.Controls.iOS.csproj", "{04C9CF2C-2F2B-4A46-8734-344E93A41E38}"
EndProject
Project("{FAE04EC0-301F-11D3-BF4B-00C04F79EFBC}") = "Housecode.Net.Controls.Android", "Housecode.Net.Controls.Android\Housecode.Net.Controls.Android.csproj", "{F080CBFB-9711-445D-A84C-7B015B984AB6}"
EndProject
Global
	GlobalSection(SolutionConfigurationPlatforms) = preSolution
		Debug|Any CPU = Debug|Any CPU
		Release|Any CPU = Release|Any CPU
	EndGlobalSection
	GlobalSection(ProjectConfigurationPlatforms) = postSolution
		{C6FB4C0F-FB75-4CE4-9D24-3B0F267D76A3}.Debug|Any CPU.ActiveCfg = Debug|Any CPU
		{C6FB4C0F-FB75-4CE4-9D24-3B0F267D76A3}.Debug|Any CPU.Build.0 = Debug|Any CPU
		{C6FB4C0F-FB75-4CE4-9D24-3B0F267D76A3}.Release|Any CPU.ActiveCfg = Release|Any CPU
		{C6FB4C0F-FB75-4CE4-9D24-3B0F267D76A3}.Release|Any CPU.Build.0 = Release|Any CPU
		{04C9CF2C-2F2B-4A46-8734-344E93A41E38}.Debug|Any CPU.ActiveCfg = Debug|Any CPU
		{04C9CF2C-2F2B-4A46-8734-344E93A41E38}.Debug|Any CPU.Build.0 = Debug|Any CPU
		{04C9CF2C-2F2B-4A46-8734-344E93A41E38}.Release|Any CPU.ActiveCfg = Release|Any CPU
		{04C9CF2C-2F2B-4A46-8734-344E93A41E38}.Release|Any CPU.Build.0 = Release|Any CPU
		{F080CBFB-9711-445D-A84C-7B015B984AB6}.Debug|Any CPU.ActiveCfg = Debug|Any CPU
		{F080CBFB-9711-445D-A84C-7B015B984AB6}.Debug|Any CPU.Build.0 = Debug|Any CPU
		{F080CBFB-9711-445D-A84C-7B015B984AB6}.Release|Any CPU.ActiveCfg = Release|Any CPU
		{F080CBFB-9711-445D-A84C-7B015B984AB6}.Release|Any CPU.Build.0 = Release|Any CPU
	EndGlobalSection
EndGlobal
