
Microsoft Visual Studio Solution File, Format Version 12.00
# Visual Studio 2012
Project("{FAE04EC0-301F-11D3-BF4B-00C04F79EFBC}") = "MessagingService", "MessagingService\MessagingService.csproj", "{0931C78C-2D46-407A-A9D7-F61E500F8820}"
EndProject
Project("{FAE04EC0-301F-11D3-BF4B-00C04F79EFBC}") = "MessagingService.iOS", "iOS\MessagingService.iOS.csproj", "{00E1184B-95A9-467F-8028-40E2D19AA61B}"
EndProject
Project("{FAE04EC0-301F-11D3-BF4B-00C04F79EFBC}") = "MessagingService.Droid", "Droid\MessagingService.Droid.csproj", "{67D73A90-50DA-4879-B92D-F3AA48C02B8F}"
EndProject
Global
	GlobalSection(SolutionConfigurationPlatforms) = preSolution
		Debug|Any CPU = Debug|Any CPU
		Release|Any CPU = Release|Any CPU
		Debug|iPhoneSimulator = Debug|iPhoneSimulator
		Release|iPhone = Release|iPhone
		Release|iPhoneSimulator = Release|iPhoneSimulator
		Debug|iPhone = Debug|iPhone
	EndGlobalSection
	GlobalSection(ProjectConfigurationPlatforms) = postSolution
		{0931C78C-2D46-407A-A9D7-F61E500F8820}.Debug|Any CPU.ActiveCfg = Debug|Any CPU
		{0931C78C-2D46-407A-A9D7-F61E500F8820}.Debug|Any CPU.Build.0 = Debug|Any CPU
		{0931C78C-2D46-407A-A9D7-F61E500F8820}.Release|Any CPU.ActiveCfg = Release|Any CPU
		{0931C78C-2D46-407A-A9D7-F61E500F8820}.Release|Any CPU.Build.0 = Release|Any CPU
		{0931C78C-2D46-407A-A9D7-F61E500F8820}.Debug|iPhoneSimulator.ActiveCfg = Debug|Any CPU
		{0931C78C-2D46-407A-A9D7-F61E500F8820}.Debug|iPhoneSimulator.Build.0 = Debug|Any CPU
		{0931C78C-2D46-407A-A9D7-F61E500F8820}.Release|iPhone.ActiveCfg = Release|Any CPU
		{0931C78C-2D46-407A-A9D7-F61E500F8820}.Release|iPhone.Build.0 = Release|Any CPU
		{0931C78C-2D46-407A-A9D7-F61E500F8820}.Release|iPhoneSimulator.ActiveCfg = Release|Any CPU
		{0931C78C-2D46-407A-A9D7-F61E500F8820}.Release|iPhoneSimulator.Build.0 = Release|Any CPU
		{0931C78C-2D46-407A-A9D7-F61E500F8820}.Debug|iPhone.ActiveCfg = Debug|Any CPU
		{0931C78C-2D46-407A-A9D7-F61E500F8820}.Debug|iPhone.Build.0 = Debug|Any CPU
		{00E1184B-95A9-467F-8028-40E2D19AA61B}.Debug|Any CPU.ActiveCfg = Debug|iPhoneSimulator
		{00E1184B-95A9-467F-8028-40E2D19AA61B}.Debug|Any CPU.Build.0 = Debug|iPhoneSimulator
		{00E1184B-95A9-467F-8028-40E2D19AA61B}.Release|Any CPU.ActiveCfg = Release|iPhone
		{00E1184B-95A9-467F-8028-40E2D19AA61B}.Release|Any CPU.Build.0 = Release|iPhone
		{00E1184B-95A9-467F-8028-40E2D19AA61B}.Debug|iPhoneSimulator.ActiveCfg = Debug|iPhoneSimulator
		{00E1184B-95A9-467F-8028-40E2D19AA61B}.Debug|iPhoneSimulator.Build.0 = Debug|iPhoneSimulator
		{00E1184B-95A9-467F-8028-40E2D19AA61B}.Release|iPhone.ActiveCfg = Release|iPhone
		{00E1184B-95A9-467F-8028-40E2D19AA61B}.Release|iPhone.Build.0 = Release|iPhone
		{00E1184B-95A9-467F-8028-40E2D19AA61B}.Release|iPhoneSimulator.ActiveCfg = Release|iPhoneSimulator
		{00E1184B-95A9-467F-8028-40E2D19AA61B}.Release|iPhoneSimulator.Build.0 = Release|iPhoneSimulator
		{00E1184B-95A9-467F-8028-40E2D19AA61B}.Debug|iPhone.ActiveCfg = Debug|iPhone
		{00E1184B-95A9-467F-8028-40E2D19AA61B}.Debug|iPhone.Build.0 = Debug|iPhone
		{67D73A90-50DA-4879-B92D-F3AA48C02B8F}.Debug|Any CPU.ActiveCfg = Debug|Any CPU
		{67D73A90-50DA-4879-B92D-F3AA48C02B8F}.Debug|Any CPU.Build.0 = Debug|Any CPU
		{67D73A90-50DA-4879-B92D-F3AA48C02B8F}.Release|Any CPU.ActiveCfg = Release|Any CPU
		{67D73A90-50DA-4879-B92D-F3AA48C02B8F}.Release|Any CPU.Build.0 = Release|Any CPU
		{67D73A90-50DA-4879-B92D-F3AA48C02B8F}.Debug|iPhoneSimulator.ActiveCfg = Debug|Any CPU
		{67D73A90-50DA-4879-B92D-F3AA48C02B8F}.Debug|iPhoneSimulator.Build.0 = Debug|Any CPU
		{67D73A90-50DA-4879-B92D-F3AA48C02B8F}.Release|iPhone.ActiveCfg = Release|Any CPU
		{67D73A90-50DA-4879-B92D-F3AA48C02B8F}.Release|iPhone.Build.0 = Release|Any CPU
		{67D73A90-50DA-4879-B92D-F3AA48C02B8F}.Release|iPhoneSimulator.ActiveCfg = Release|Any CPU
		{67D73A90-50DA-4879-B92D-F3AA48C02B8F}.Release|iPhoneSimulator.Build.0 = Release|Any CPU
		{67D73A90-50DA-4879-B92D-F3AA48C02B8F}.Debug|iPhone.ActiveCfg = Debug|Any CPU
		{67D73A90-50DA-4879-B92D-F3AA48C02B8F}.Debug|iPhone.Build.0 = Debug|Any CPU
	EndGlobalSection
EndGlobal
